
Microsoft Visual Studio Solution File, Format Version 12.00
# Visual Studio 15
Project("{FAE04EC0-301F-11D3-BF4B-00C04F79EFBC}") = "Assembly-CSharp-firstpass", "Assembly-CSharp-firstpass.csproj", "{C157C147-0077-718D-DA28-129BB65AB44E}"
EndProject
Project("{FAE04EC0-301F-11D3-BF4B-00C04F79EFBC}") = "Assembly-CSharp", "Assembly-CSharp.csproj", "{3AF63BCE-E542-06C2-5819-5E66A45AB407}"
EndProject
Project("{FAE04EC0-301F-11D3-BF4B-00C04F79EFBC}") = "UniTask", "UniTask.csproj", "{32168DAC-D88C-C9F2-405A-ADA31BA3D1DD}"
EndProject
Project("{FAE04EC0-301F-11D3-BF4B-00C04F79EFBC}") = "UniTask.Linq", "UniTask.Linq.csproj", "{C45E2A5D-BF44-DBDF-1272-5DF702CC2B71}"
EndProject
Project("{FAE04EC0-301F-11D3-BF4B-00C04F79EFBC}") = "AstarPathfindingProject", "AstarPathfindingProject.csproj", "{38214129-237C-99C3-CB75-C537FDE1945E}"
EndProject
Project("{FAE04EC0-301F-11D3-BF4B-00C04F79EFBC}") = "UniTask.Addressables", "UniTask.Addressables.csproj", "{FE07918F-22F6-574D-DC64-F428C153F130}"
EndProject
Project("{FAE04EC0-301F-11D3-BF4B-00C04F79EFBC}") = "UniTask.TextMeshPro", "UniTask.TextMeshPro.csproj", "{B9448669-4382-1383-8162-21C6150DF1EC}"
EndProject
Project("{FAE04EC0-301F-11D3-BF4B-00C04F79EFBC}") = "UniTask.DOTween", "UniTask.DOTween.csproj", "{E106F274-BFE3-EE66-735F-ED6234220913}"
EndProject
Project("{FAE04EC0-301F-11D3-BF4B-00C04F79EFBC}") = "Assembly-CSharp-Editor-firstpass", "Assembly-CSharp-Editor-firstpass.csproj", "{1BFA746F-8CFA-DD16-0637-2AE7AEFBA779}"
EndProject
Project("{FAE04EC0-301F-11D3-BF4B-00C04F79EFBC}") = "Assembly-CSharp-Editor", "Assembly-CSharp-Editor.csproj", "{5131B6E2-8FB2-CBAD-B290-181F06E4C6A8}"
EndProject
Project("{FAE04EC0-301F-11D3-BF4B-00C04F79EFBC}") = "AstarPathfindingProjectEditor", "AstarPathfindingProjectEditor.csproj", "{13C30237-0C02-8625-E701-E974EE7A5850}"
EndProject
Project("{FAE04EC0-301F-11D3-BF4B-00C04F79EFBC}") = "Sirenix.OdinInspector.CompatibilityLayer.Editor", "Sirenix.OdinInspector.CompatibilityLayer.Editor.csproj", "{F1C49B2B-6EDC-8E4F-D6C5-3B1EED4D203B}"
EndProject
Project("{FAE04EC0-301F-11D3-BF4B-00C04F79EFBC}") = "PackageToolsEditor", "PackageToolsEditor.csproj", "{2EACC277-124E-A0E7-9A8D-9B980F2EB1F4}"
EndProject
Project("{FAE04EC0-301F-11D3-BF4B-00C04F79EFBC}") = "UniTask.Editor", "UniTask.Editor.csproj", "{968A422B-B193-D1DA-7ED2-703E447D8A7A}"
EndProject
Global
	GlobalSection(SolutionConfigurationPlatforms) = preSolution
		Debug|Any CPU = Debug|Any CPU
		Release|Any CPU = Release|Any CPU
	EndGlobalSection
	GlobalSection(ProjectConfigurationPlatforms) = postSolution
		{C157C147-0077-718D-DA28-129BB65AB44E}.Debug|Any CPU.ActiveCfg = Debug|Any CPU
		{C157C147-0077-718D-DA28-129BB65AB44E}.Debug|Any CPU.Build.0 = Debug|Any CPU
		{C157C147-0077-718D-DA28-129BB65AB44E}.Release|Any CPU.ActiveCfg = Release|Any CPU
		{C157C147-0077-718D-DA28-129BB65AB44E}.Release|Any CPU.Build.0 = Release|Any CPU
		{3AF63BCE-E542-06C2-5819-5E66A45AB407}.Debug|Any CPU.ActiveCfg = Debug|Any CPU
		{3AF63BCE-E542-06C2-5819-5E66A45AB407}.Debug|Any CPU.Build.0 = Debug|Any CPU
		{3AF63BCE-E542-06C2-5819-5E66A45AB407}.Release|Any CPU.ActiveCfg = Release|Any CPU
		{3AF63BCE-E542-06C2-5819-5E66A45AB407}.Release|Any CPU.Build.0 = Release|Any CPU
		{32168DAC-D88C-C9F2-405A-ADA31BA3D1DD}.Debug|Any CPU.ActiveCfg = Debug|Any CPU
		{32168DAC-D88C-C9F2-405A-ADA31BA3D1DD}.Debug|Any CPU.Build.0 = Debug|Any CPU
		{32168DAC-D88C-C9F2-405A-ADA31BA3D1DD}.Release|Any CPU.ActiveCfg = Release|Any CPU
		{32168DAC-D88C-C9F2-405A-ADA31BA3D1DD}.Release|Any CPU.Build.0 = Release|Any CPU
		{C45E2A5D-BF44-DBDF-1272-5DF702CC2B71}.Debug|Any CPU.ActiveCfg = Debug|Any CPU
		{C45E2A5D-BF44-DBDF-1272-5DF702CC2B71}.Debug|Any CPU.Build.0 = Debug|Any CPU
		{C45E2A5D-BF44-DBDF-1272-5DF702CC2B71}.Release|Any CPU.ActiveCfg = Release|Any CPU
		{C45E2A5D-BF44-DBDF-1272-5DF702CC2B71}.Release|Any CPU.Build.0 = Release|Any CPU
		{38214129-237C-99C3-CB75-C537FDE1945E}.Debug|Any CPU.ActiveCfg = Debug|Any CPU
		{38214129-237C-99C3-CB75-C537FDE1945E}.Debug|Any CPU.Build.0 = Debug|Any CPU
		{38214129-237C-99C3-CB75-C537FDE1945E}.Release|Any CPU.ActiveCfg = Release|Any CPU
		{38214129-237C-99C3-CB75-C537FDE1945E}.Release|Any CPU.Build.0 = Release|Any CPU
		{FE07918F-22F6-574D-DC64-F428C153F130}.Debug|Any CPU.ActiveCfg = Debug|Any CPU
		{FE07918F-22F6-574D-DC64-F428C153F130}.Debug|Any CPU.Build.0 = Debug|Any CPU
		{FE07918F-22F6-574D-DC64-F428C153F130}.Release|Any CPU.ActiveCfg = Release|Any CPU
		{FE07918F-22F6-574D-DC64-F428C153F130}.Release|Any CPU.Build.0 = Release|Any CPU
		{B9448669-4382-1383-8162-21C6150DF1EC}.Debug|Any CPU.ActiveCfg = Debug|Any CPU
		{B9448669-4382-1383-8162-21C6150DF1EC}.Debug|Any CPU.Build.0 = Debug|Any CPU
		{B9448669-4382-1383-8162-21C6150DF1EC}.Release|Any CPU.ActiveCfg = Release|Any CPU
		{B9448669-4382-1383-8162-21C6150DF1EC}.Release|Any CPU.Build.0 = Release|Any CPU
		{E106F274-BFE3-EE66-735F-ED6234220913}.Debug|Any CPU.ActiveCfg = Debug|Any CPU
		{E106F274-BFE3-EE66-735F-ED6234220913}.Debug|Any CPU.Build.0 = Debug|Any CPU
		{E106F274-BFE3-EE66-735F-ED6234220913}.Release|Any CPU.ActiveCfg = Release|Any CPU
		{E106F274-BFE3-EE66-735F-ED6234220913}.Release|Any CPU.Build.0 = Release|Any CPU
		{1BFA746F-8CFA-DD16-0637-2AE7AEFBA779}.Debug|Any CPU.ActiveCfg = Debug|Any CPU
		{1BFA746F-8CFA-DD16-0637-2AE7AEFBA779}.Debug|Any CPU.Build.0 = Debug|Any CPU
		{1BFA746F-8CFA-DD16-0637-2AE7AEFBA779}.Release|Any CPU.ActiveCfg = Release|Any CPU
		{1BFA746F-8CFA-DD16-0637-2AE7AEFBA779}.Release|Any CPU.Build.0 = Release|Any CPU
		{5131B6E2-8FB2-CBAD-B290-181F06E4C6A8}.Debug|Any CPU.ActiveCfg = Debug|Any CPU
		{5131B6E2-8FB2-CBAD-B290-181F06E4C6A8}.Debug|Any CPU.Build.0 = Debug|Any CPU
		{5131B6E2-8FB2-CBAD-B290-181F06E4C6A8}.Release|Any CPU.ActiveCfg = Release|Any CPU
		{5131B6E2-8FB2-CBAD-B290-181F06E4C6A8}.Release|Any CPU.Build.0 = Release|Any CPU
		{13C30237-0C02-8625-E701-E974EE7A5850}.Debug|Any CPU.ActiveCfg = Debug|Any CPU
		{13C30237-0C02-8625-E701-E974EE7A5850}.Debug|Any CPU.Build.0 = Debug|Any CPU
		{13C30237-0C02-8625-E701-E974EE7A5850}.Release|Any CPU.ActiveCfg = Release|Any CPU
		{13C30237-0C02-8625-E701-E974EE7A5850}.Release|Any CPU.Build.0 = Release|Any CPU
		{F1C49B2B-6EDC-8E4F-D6C5-3B1EED4D203B}.Debug|Any CPU.ActiveCfg = Debug|Any CPU
		{F1C49B2B-6EDC-8E4F-D6C5-3B1EED4D203B}.Debug|Any CPU.Build.0 = Debug|Any CPU
		{F1C49B2B-6EDC-8E4F-D6C5-3B1EED4D203B}.Release|Any CPU.ActiveCfg = Release|Any CPU
		{F1C49B2B-6EDC-8E4F-D6C5-3B1EED4D203B}.Release|Any CPU.Build.0 = Release|Any CPU
		{2EACC277-124E-A0E7-9A8D-9B980F2EB1F4}.Debug|Any CPU.ActiveCfg = Debug|Any CPU
		{2EACC277-124E-A0E7-9A8D-9B980F2EB1F4}.Debug|Any CPU.Build.0 = Debug|Any CPU
		{2EACC277-124E-A0E7-9A8D-9B980F2EB1F4}.Release|Any CPU.ActiveCfg = Release|Any CPU
		{2EACC277-124E-A0E7-9A8D-9B980F2EB1F4}.Release|Any CPU.Build.0 = Release|Any CPU
		{968A422B-B193-D1DA-7ED2-703E447D8A7A}.Debug|Any CPU.ActiveCfg = Debug|Any CPU
		{968A422B-B193-D1DA-7ED2-703E447D8A7A}.Debug|Any CPU.Build.0 = Debug|Any CPU
		{968A422B-B193-D1DA-7ED2-703E447D8A7A}.Release|Any CPU.ActiveCfg = Release|Any CPU
		{968A422B-B193-D1DA-7ED2-703E447D8A7A}.Release|Any CPU.Build.0 = Release|Any CPU
	EndGlobalSection
	GlobalSection(SolutionProperties) = preSolution
		HideSolutionNode = FALSE
	EndGlobalSection
EndGlobal
