
Microsoft Visual Studio Solution File, Format Version 11.00
# Visual Studio 2010
Project("{FAE04EC0-301F-11D3-BF4B-00C04F79EFBC}") = "Assembly-CSharp", "Assembly-CSharp.csproj", "{ce3bf63a-42e5-c206-5819-5e66a45ab407}"
EndProject
Project("{FAE04EC0-301F-11D3-BF4B-00C04F79EFBC}") = "Assembly-CSharp-Editor", "Assembly-CSharp-Editor.csproj", "{e2b63151-b28f-adcb-b290-181f06e4c6a8}"
EndProject
Project("{FAE04EC0-301F-11D3-BF4B-00C04F79EFBC}") = "Sirenix.OdinInspector.CompatibilityLayer.Editor", "Sirenix.OdinInspector.CompatibilityLayer.Editor.csproj", "{2b9bc4f1-dc6e-4f8e-d6c5-3b1eed4d203b}"
EndProject
Global
	GlobalSection(SolutionConfigurationPlatforms) = preSolution
		Debug|Any CPU = Debug|Any CPU
	EndGlobalSection
	GlobalSection(ProjectConfigurationPlatforms) = postSolution
		{ce3bf63a-42e5-c206-5819-5e66a45ab407}.Debug|Any CPU.ActiveCfg = Debug|Any CPU
		{ce3bf63a-42e5-c206-5819-5e66a45ab407}.Debug|Any CPU.Build.0 = Debug|Any CPU
		{e2b63151-b28f-adcb-b290-181f06e4c6a8}.Debug|Any CPU.ActiveCfg = Debug|Any CPU
		{e2b63151-b28f-adcb-b290-181f06e4c6a8}.Debug|Any CPU.Build.0 = Debug|Any CPU
		{2b9bc4f1-dc6e-4f8e-d6c5-3b1eed4d203b}.Debug|Any CPU.ActiveCfg = Debug|Any CPU
		{2b9bc4f1-dc6e-4f8e-d6c5-3b1eed4d203b}.Debug|Any CPU.Build.0 = Debug|Any CPU
	EndGlobalSection
	GlobalSection(SolutionProperties) = preSolution
		HideSolutionNode = FALSE
	EndGlobalSection
EndGlobal
